
Microsoft Visual Studio Solution File, Format Version 12.00
# Visual Studio 14
VisualStudioVersion = 14.0.25420.1
MinimumVisualStudioVersion = 10.0.40219.1
Project("{FAE04EC0-301F-11D3-BF4B-00C04F79EFBC}") = "Task1Console", "Task1Console\Task1Console.csproj", "{D5DC32F0-BCF4-4182-B467-E479873AECAC}"
EndProject
Project("{FAE04EC0-301F-11D3-BF4B-00C04F79EFBC}") = "Task1WinForms", "Task1WinForms\Task1WinForms.csproj", "{60F5E47D-C693-4D24-8A1E-1EBA1F61AD03}"
EndProject
Project("{FAE04EC0-301F-11D3-BF4B-00C04F79EFBC}") = "Task1WPF", "Task1WPF\Task1WPF.csproj", "{5097FCD4-4F30-4082-A74E-A8018F6BD3BB}"
EndProject
Project("{FAE04EC0-301F-11D3-BF4B-00C04F79EFBC}") = "Task2Console", "Task2Console\Task2Console.csproj", "{29FDE096-CC73-4A73-87E2-C7960871D252}"
EndProject
Project("{FAE04EC0-301F-11D3-BF4B-00C04F79EFBC}") = "Task2WinForms", "Task2WinForms\Task2WinForms.csproj", "{F1343439-FAF8-44C1-9A1D-04CF9A031FDE}"
EndProject
Project("{FAE04EC0-301F-11D3-BF4B-00C04F79EFBC}") = "Task2WPF", "Task2WPF\Task2WPF.csproj", "{87929033-388F-4F11-8F9E-81E3F0E4E1C3}"
EndProject
Project("{FAE04EC0-301F-11D3-BF4B-00C04F79EFBC}") = "Task3Console", "Task3Console\Task3Console.csproj", "{19AD2BF0-5C25-4A7F-8455-3A9D66E2AFDC}"
EndProject
Project("{FAE04EC0-301F-11D3-BF4B-00C04F79EFBC}") = "Task3WinForms", "Task3WinForms\Task3WinForms.csproj", "{866F6668-A14D-4144-B98C-ACC574EF6877}"
EndProject
Project("{FAE04EC0-301F-11D3-BF4B-00C04F79EFBC}") = "Task3WPF", "Task3WPF\Task3WPF.csproj", "{A0EDE04A-2365-49EA-A5B7-2B4707835B41}"
EndProject
Project("{FAE04EC0-301F-11D3-BF4B-00C04F79EFBC}") = "Task4Console", "Task4Console\Task4Console.csproj", "{19DCD76F-49E6-479F-98A2-9AF850581C43}"
EndProject
Project("{FAE04EC0-301F-11D3-BF4B-00C04F79EFBC}") = "Task4WinForms", "Task4WinForms\Task4WinForms.csproj", "{1632B4B3-55A0-4FC7-9CAE-B9409E879D48}"
EndProject
Project("{FAE04EC0-301F-11D3-BF4B-00C04F79EFBC}") = "Task4WPF", "Task4WPF\Task4WPF.csproj", "{6FDB152A-10A9-4601-A64C-41609F3EED4C}"
EndProject
Project("{FAE04EC0-301F-11D3-BF4B-00C04F79EFBC}") = "Task5Console", "Task5Console\Task5Console.csproj", "{7DB76678-174C-4846-B446-5C47AB7E7B05}"
EndProject
Project("{FAE04EC0-301F-11D3-BF4B-00C04F79EFBC}") = "Task5WinForms", "Task5WinForms\Task5WinForms.csproj", "{CE587EC6-7DD3-4E5A-BBEA-F5A1D38F124D}"
EndProject
Project("{FAE04EC0-301F-11D3-BF4B-00C04F79EFBC}") = "Task5WPF", "Task5WPF\Task5WPF.csproj", "{72CED9FE-290D-4A45-BA9E-9369ED99A5E1}"
EndProject
Project("{FAE04EC0-301F-11D3-BF4B-00C04F79EFBC}") = "QuadEquationConsole", "QuadEquationConsole\QuadEquationConsole.csproj", "{E73F8318-5704-4464-A1F4-A08BF33E26D3}"
EndProject
Project("{FAE04EC0-301F-11D3-BF4B-00C04F79EFBC}") = "QuadEquationWinForm", "QuadEquationWinForm\QuadEquationWinForm.csproj", "{2A1FED65-BAA0-4F50-811C-2B85CFCEF604}"
EndProject
Project("{FAE04EC0-301F-11D3-BF4B-00C04F79EFBC}") = "QuadEquationWPF", "QuadEquationWPF\QuadEquationWPF.csproj", "{44E48319-4ECC-460E-BBC3-1E82938E24CE}"
EndProject
Project("{FAE04EC0-301F-11D3-BF4B-00C04F79EFBC}") = "ForConsole1", "ForConsole1\ForConsole1.csproj", "{1D15FDE0-415F-4040-8B0D-00900F08ADE4}"
EndProject
Project("{FAE04EC0-301F-11D3-BF4B-00C04F79EFBC}") = "ForConsole2", "ForConsole2\ForConsole2.csproj", "{26BA3919-1D17-404F-A7C0-39E528C1A928}"
EndProject
Project("{FAE04EC0-301F-11D3-BF4B-00C04F79EFBC}") = "ForConsole3", "ForConsole3\ForConsole3.csproj", "{1B2BAFF5-7E8A-4CD1-8070-347C8B7D5273}"
EndProject
Project("{FAE04EC0-301F-11D3-BF4B-00C04F79EFBC}") = "ForConsole4", "ForConsole4\ForConsole4.csproj", "{0D0DE52F-1832-4DA8-8E67-E38292FD18BE}"
EndProject
Project("{FAE04EC0-301F-11D3-BF4B-00C04F79EFBC}") = "ForConsole5", "ForConsole5\ForConsole5.csproj", "{0D3CB1E0-6CC4-498D-9653-8BDBEE009A17}"
EndProject
Project("{FAE04EC0-301F-11D3-BF4B-00C04F79EFBC}") = "PiConsole4", "PiConsole\PiConsole4.csproj", "{FAC70120-B0F9-4A2A-94E7-5B08517E0D5D}"
EndProject
Project("{FAE04EC0-301F-11D3-BF4B-00C04F79EFBC}") = "PiConsole2", "PiConsole2\PiConsole2.csproj", "{53E46AA5-0E99-414D-A11B-EFED1E30E4CC}"
EndProject
Global
	GlobalSection(SolutionConfigurationPlatforms) = preSolution
		Debug|Any CPU = Debug|Any CPU
		Release|Any CPU = Release|Any CPU
	EndGlobalSection
	GlobalSection(ProjectConfigurationPlatforms) = postSolution
		{D5DC32F0-BCF4-4182-B467-E479873AECAC}.Debug|Any CPU.ActiveCfg = Debug|Any CPU
		{D5DC32F0-BCF4-4182-B467-E479873AECAC}.Debug|Any CPU.Build.0 = Debug|Any CPU
		{D5DC32F0-BCF4-4182-B467-E479873AECAC}.Release|Any CPU.ActiveCfg = Release|Any CPU
		{D5DC32F0-BCF4-4182-B467-E479873AECAC}.Release|Any CPU.Build.0 = Release|Any CPU
		{60F5E47D-C693-4D24-8A1E-1EBA1F61AD03}.Debug|Any CPU.ActiveCfg = Debug|Any CPU
		{60F5E47D-C693-4D24-8A1E-1EBA1F61AD03}.Debug|Any CPU.Build.0 = Debug|Any CPU
		{60F5E47D-C693-4D24-8A1E-1EBA1F61AD03}.Release|Any CPU.ActiveCfg = Release|Any CPU
		{60F5E47D-C693-4D24-8A1E-1EBA1F61AD03}.Release|Any CPU.Build.0 = Release|Any CPU
		{5097FCD4-4F30-4082-A74E-A8018F6BD3BB}.Debug|Any CPU.ActiveCfg = Debug|Any CPU
		{5097FCD4-4F30-4082-A74E-A8018F6BD3BB}.Debug|Any CPU.Build.0 = Debug|Any CPU
		{5097FCD4-4F30-4082-A74E-A8018F6BD3BB}.Release|Any CPU.ActiveCfg = Release|Any CPU
		{5097FCD4-4F30-4082-A74E-A8018F6BD3BB}.Release|Any CPU.Build.0 = Release|Any CPU
		{29FDE096-CC73-4A73-87E2-C7960871D252}.Debug|Any CPU.ActiveCfg = Debug|Any CPU
		{29FDE096-CC73-4A73-87E2-C7960871D252}.Debug|Any CPU.Build.0 = Debug|Any CPU
		{29FDE096-CC73-4A73-87E2-C7960871D252}.Release|Any CPU.ActiveCfg = Release|Any CPU
		{29FDE096-CC73-4A73-87E2-C7960871D252}.Release|Any CPU.Build.0 = Release|Any CPU
		{F1343439-FAF8-44C1-9A1D-04CF9A031FDE}.Debug|Any CPU.ActiveCfg = Debug|Any CPU
		{F1343439-FAF8-44C1-9A1D-04CF9A031FDE}.Debug|Any CPU.Build.0 = Debug|Any CPU
		{F1343439-FAF8-44C1-9A1D-04CF9A031FDE}.Release|Any CPU.ActiveCfg = Release|Any CPU
		{F1343439-FAF8-44C1-9A1D-04CF9A031FDE}.Release|Any CPU.Build.0 = Release|Any CPU
		{87929033-388F-4F11-8F9E-81E3F0E4E1C3}.Debug|Any CPU.ActiveCfg = Debug|Any CPU
		{87929033-388F-4F11-8F9E-81E3F0E4E1C3}.Debug|Any CPU.Build.0 = Debug|Any CPU
		{87929033-388F-4F11-8F9E-81E3F0E4E1C3}.Release|Any CPU.ActiveCfg = Release|Any CPU
		{87929033-388F-4F11-8F9E-81E3F0E4E1C3}.Release|Any CPU.Build.0 = Release|Any CPU
		{19AD2BF0-5C25-4A7F-8455-3A9D66E2AFDC}.Debug|Any CPU.ActiveCfg = Debug|Any CPU
		{19AD2BF0-5C25-4A7F-8455-3A9D66E2AFDC}.Debug|Any CPU.Build.0 = Debug|Any CPU
		{19AD2BF0-5C25-4A7F-8455-3A9D66E2AFDC}.Release|Any CPU.ActiveCfg = Release|Any CPU
		{19AD2BF0-5C25-4A7F-8455-3A9D66E2AFDC}.Release|Any CPU.Build.0 = Release|Any CPU
		{866F6668-A14D-4144-B98C-ACC574EF6877}.Debug|Any CPU.ActiveCfg = Debug|Any CPU
		{866F6668-A14D-4144-B98C-ACC574EF6877}.Debug|Any CPU.Build.0 = Debug|Any CPU
		{866F6668-A14D-4144-B98C-ACC574EF6877}.Release|Any CPU.ActiveCfg = Release|Any CPU
		{866F6668-A14D-4144-B98C-ACC574EF6877}.Release|Any CPU.Build.0 = Release|Any CPU
		{A0EDE04A-2365-49EA-A5B7-2B4707835B41}.Debug|Any CPU.ActiveCfg = Debug|Any CPU
		{A0EDE04A-2365-49EA-A5B7-2B4707835B41}.Debug|Any CPU.Build.0 = Debug|Any CPU
		{A0EDE04A-2365-49EA-A5B7-2B4707835B41}.Release|Any CPU.ActiveCfg = Release|Any CPU
		{A0EDE04A-2365-49EA-A5B7-2B4707835B41}.Release|Any CPU.Build.0 = Release|Any CPU
		{19DCD76F-49E6-479F-98A2-9AF850581C43}.Debug|Any CPU.ActiveCfg = Debug|Any CPU
		{19DCD76F-49E6-479F-98A2-9AF850581C43}.Debug|Any CPU.Build.0 = Debug|Any CPU
		{19DCD76F-49E6-479F-98A2-9AF850581C43}.Release|Any CPU.ActiveCfg = Release|Any CPU
		{19DCD76F-49E6-479F-98A2-9AF850581C43}.Release|Any CPU.Build.0 = Release|Any CPU
		{1632B4B3-55A0-4FC7-9CAE-B9409E879D48}.Debug|Any CPU.ActiveCfg = Debug|Any CPU
		{1632B4B3-55A0-4FC7-9CAE-B9409E879D48}.Debug|Any CPU.Build.0 = Debug|Any CPU
		{1632B4B3-55A0-4FC7-9CAE-B9409E879D48}.Release|Any CPU.ActiveCfg = Release|Any CPU
		{1632B4B3-55A0-4FC7-9CAE-B9409E879D48}.Release|Any CPU.Build.0 = Release|Any CPU
		{6FDB152A-10A9-4601-A64C-41609F3EED4C}.Debug|Any CPU.ActiveCfg = Debug|Any CPU
		{6FDB152A-10A9-4601-A64C-41609F3EED4C}.Debug|Any CPU.Build.0 = Debug|Any CPU
		{6FDB152A-10A9-4601-A64C-41609F3EED4C}.Release|Any CPU.ActiveCfg = Release|Any CPU
		{6FDB152A-10A9-4601-A64C-41609F3EED4C}.Release|Any CPU.Build.0 = Release|Any CPU
		{7DB76678-174C-4846-B446-5C47AB7E7B05}.Debug|Any CPU.ActiveCfg = Debug|Any CPU
		{7DB76678-174C-4846-B446-5C47AB7E7B05}.Debug|Any CPU.Build.0 = Debug|Any CPU
		{7DB76678-174C-4846-B446-5C47AB7E7B05}.Release|Any CPU.ActiveCfg = Release|Any CPU
		{7DB76678-174C-4846-B446-5C47AB7E7B05}.Release|Any CPU.Build.0 = Release|Any CPU
		{CE587EC6-7DD3-4E5A-BBEA-F5A1D38F124D}.Debug|Any CPU.ActiveCfg = Debug|Any CPU
		{CE587EC6-7DD3-4E5A-BBEA-F5A1D38F124D}.Debug|Any CPU.Build.0 = Debug|Any CPU
		{CE587EC6-7DD3-4E5A-BBEA-F5A1D38F124D}.Release|Any CPU.ActiveCfg = Release|Any CPU
		{CE587EC6-7DD3-4E5A-BBEA-F5A1D38F124D}.Release|Any CPU.Build.0 = Release|Any CPU
		{72CED9FE-290D-4A45-BA9E-9369ED99A5E1}.Debug|Any CPU.ActiveCfg = Debug|Any CPU
		{72CED9FE-290D-4A45-BA9E-9369ED99A5E1}.Debug|Any CPU.Build.0 = Debug|Any CPU
		{72CED9FE-290D-4A45-BA9E-9369ED99A5E1}.Release|Any CPU.ActiveCfg = Release|Any CPU
		{72CED9FE-290D-4A45-BA9E-9369ED99A5E1}.Release|Any CPU.Build.0 = Release|Any CPU
		{E73F8318-5704-4464-A1F4-A08BF33E26D3}.Debug|Any CPU.ActiveCfg = Debug|Any CPU
		{E73F8318-5704-4464-A1F4-A08BF33E26D3}.Debug|Any CPU.Build.0 = Debug|Any CPU
		{E73F8318-5704-4464-A1F4-A08BF33E26D3}.Release|Any CPU.ActiveCfg = Release|Any CPU
		{E73F8318-5704-4464-A1F4-A08BF33E26D3}.Release|Any CPU.Build.0 = Release|Any CPU
		{2A1FED65-BAA0-4F50-811C-2B85CFCEF604}.Debug|Any CPU.ActiveCfg = Debug|Any CPU
		{2A1FED65-BAA0-4F50-811C-2B85CFCEF604}.Debug|Any CPU.Build.0 = Debug|Any CPU
		{2A1FED65-BAA0-4F50-811C-2B85CFCEF604}.Release|Any CPU.ActiveCfg = Release|Any CPU
		{2A1FED65-BAA0-4F50-811C-2B85CFCEF604}.Release|Any CPU.Build.0 = Release|Any CPU
		{44E48319-4ECC-460E-BBC3-1E82938E24CE}.Debug|Any CPU.ActiveCfg = Debug|Any CPU
		{44E48319-4ECC-460E-BBC3-1E82938E24CE}.Debug|Any CPU.Build.0 = Debug|Any CPU
		{44E48319-4ECC-460E-BBC3-1E82938E24CE}.Release|Any CPU.ActiveCfg = Release|Any CPU
		{44E48319-4ECC-460E-BBC3-1E82938E24CE}.Release|Any CPU.Build.0 = Release|Any CPU
		{1D15FDE0-415F-4040-8B0D-00900F08ADE4}.Debug|Any CPU.ActiveCfg = Debug|Any CPU
		{1D15FDE0-415F-4040-8B0D-00900F08ADE4}.Debug|Any CPU.Build.0 = Debug|Any CPU
		{1D15FDE0-415F-4040-8B0D-00900F08ADE4}.Release|Any CPU.ActiveCfg = Release|Any CPU
		{1D15FDE0-415F-4040-8B0D-00900F08ADE4}.Release|Any CPU.Build.0 = Release|Any CPU
		{26BA3919-1D17-404F-A7C0-39E528C1A928}.Debug|Any CPU.ActiveCfg = Debug|Any CPU
		{26BA3919-1D17-404F-A7C0-39E528C1A928}.Debug|Any CPU.Build.0 = Debug|Any CPU
		{26BA3919-1D17-404F-A7C0-39E528C1A928}.Release|Any CPU.ActiveCfg = Release|Any CPU
		{26BA3919-1D17-404F-A7C0-39E528C1A928}.Release|Any CPU.Build.0 = Release|Any CPU
		{1B2BAFF5-7E8A-4CD1-8070-347C8B7D5273}.Debug|Any CPU.ActiveCfg = Debug|Any CPU
		{1B2BAFF5-7E8A-4CD1-8070-347C8B7D5273}.Debug|Any CPU.Build.0 = Debug|Any CPU
		{1B2BAFF5-7E8A-4CD1-8070-347C8B7D5273}.Release|Any CPU.ActiveCfg = Release|Any CPU
		{1B2BAFF5-7E8A-4CD1-8070-347C8B7D5273}.Release|Any CPU.Build.0 = Release|Any CPU
		{0D0DE52F-1832-4DA8-8E67-E38292FD18BE}.Debug|Any CPU.ActiveCfg = Debug|Any CPU
		{0D0DE52F-1832-4DA8-8E67-E38292FD18BE}.Debug|Any CPU.Build.0 = Debug|Any CPU
		{0D0DE52F-1832-4DA8-8E67-E38292FD18BE}.Release|Any CPU.ActiveCfg = Release|Any CPU
		{0D0DE52F-1832-4DA8-8E67-E38292FD18BE}.Release|Any CPU.Build.0 = Release|Any CPU
		{0D3CB1E0-6CC4-498D-9653-8BDBEE009A17}.Debug|Any CPU.ActiveCfg = Debug|Any CPU
		{0D3CB1E0-6CC4-498D-9653-8BDBEE009A17}.Debug|Any CPU.Build.0 = Debug|Any CPU
		{0D3CB1E0-6CC4-498D-9653-8BDBEE009A17}.Release|Any CPU.ActiveCfg = Release|Any CPU
		{0D3CB1E0-6CC4-498D-9653-8BDBEE009A17}.Release|Any CPU.Build.0 = Release|Any CPU
		{FAC70120-B0F9-4A2A-94E7-5B08517E0D5D}.Debug|Any CPU.ActiveCfg = Debug|Any CPU
		{FAC70120-B0F9-4A2A-94E7-5B08517E0D5D}.Debug|Any CPU.Build.0 = Debug|Any CPU
		{FAC70120-B0F9-4A2A-94E7-5B08517E0D5D}.Release|Any CPU.ActiveCfg = Release|Any CPU
		{FAC70120-B0F9-4A2A-94E7-5B08517E0D5D}.Release|Any CPU.Build.0 = Release|Any CPU
		{53E46AA5-0E99-414D-A11B-EFED1E30E4CC}.Debug|Any CPU.ActiveCfg = Debug|Any CPU
		{53E46AA5-0E99-414D-A11B-EFED1E30E4CC}.Debug|Any CPU.Build.0 = Debug|Any CPU
		{53E46AA5-0E99-414D-A11B-EFED1E30E4CC}.Release|Any CPU.ActiveCfg = Release|Any CPU
		{53E46AA5-0E99-414D-A11B-EFED1E30E4CC}.Release|Any CPU.Build.0 = Release|Any CPU
	EndGlobalSection
	GlobalSection(SolutionProperties) = preSolution
		HideSolutionNode = FALSE
	EndGlobalSection
EndGlobal
